
Microsoft Visual Studio Solution File, Format Version 12.00
# Visual Studio Version 17
VisualStudioVersion = 17.14.36310.24
MinimumVisualStudioVersion = 10.0.40219.1
Project("{FAE04EC0-301F-11D3-BF4B-00C04F79EFBC}") = "LearnDotNetCore9.0", "LearnDotNetCore9.0\LearnDotNetCore9.0.csproj", "{B1218D88-3AD1-44D0-9276-63DB8B2CFB32}"
EndProject
Project("{FAE04EC0-301F-11D3-BF4B-00C04F79EFBC}") = "LearnDotNetCore9.0.UnitTest", "LearnDotNetCore9.0.UnitTest\LearnDotNetCore9.0.UnitTest.csproj", "{D18D2520-6A7A-4062-8DA1-AE9770EC735A}"
EndProject
Global
	GlobalSection(SolutionConfigurationPlatforms) = preSolution
		Debug|Any CPU = Debug|Any CPU
		Release|Any CPU = Release|Any CPU
	EndGlobalSection
	GlobalSection(ProjectConfigurationPlatforms) = postSolution
		{B1218D88-3AD1-44D0-9276-63DB8B2CFB32}.Debug|Any CPU.ActiveCfg = Debug|Any CPU
		{B1218D88-3AD1-44D0-9276-63DB8B2CFB32}.Debug|Any CPU.Build.0 = Debug|Any CPU
		{B1218D88-3AD1-44D0-9276-63DB8B2CFB32}.Release|Any CPU.ActiveCfg = Release|Any CPU
		{B1218D88-3AD1-44D0-9276-63DB8B2CFB32}.Release|Any CPU.Build.0 = Release|Any CPU
		{D18D2520-6A7A-4062-8DA1-AE9770EC735A}.Debug|Any CPU.ActiveCfg = Debug|Any CPU
		{D18D2520-6A7A-4062-8DA1-AE9770EC735A}.Debug|Any CPU.Build.0 = Debug|Any CPU
		{D18D2520-6A7A-4062-8DA1-AE9770EC735A}.Release|Any CPU.ActiveCfg = Release|Any CPU
		{D18D2520-6A7A-4062-8DA1-AE9770EC735A}.Release|Any CPU.Build.0 = Release|Any CPU
	EndGlobalSection
	GlobalSection(SolutionProperties) = preSolution
		HideSolutionNode = FALSE
	EndGlobalSection
	GlobalSection(ExtensibilityGlobals) = postSolution
		SolutionGuid = {23A5C037-EE17-4EDB-AA2E-2D69CC1F11BD}
	EndGlobalSection
EndGlobal
